
Microsoft Visual Studio Solution File, Format Version 12.00
# Visual Studio Version 17
VisualStudioVersion = 17.11.35327.3
MinimumVisualStudioVersion = 10.0.40219.1
Project("{9A19103F-16F7-4668-BE54-9A1E7A4F7556}") = "StartBlazor", "StartBlazor\StartBlazor.csproj", "{B549516D-4F69-49BB-866E-D07814997E35}"
EndProject
Global
	GlobalSection(SolutionConfigurationPlatforms) = preSolution
		Debug|Any CPU = Debug|Any CPU
		Release|Any CPU = Release|Any CPU
	EndGlobalSection
	GlobalSection(ProjectConfigurationPlatforms) = postSolution
		{B549516D-4F69-49BB-866E-D07814997E35}.Debug|Any CPU.ActiveCfg = Debug|Any CPU
		{B549516D-4F69-49BB-866E-D07814997E35}.Debug|Any CPU.Build.0 = Debug|Any CPU
		{B549516D-4F69-49BB-866E-D07814997E35}.Release|Any CPU.ActiveCfg = Release|Any CPU
		{B549516D-4F69-49BB-866E-D07814997E35}.Release|Any CPU.Build.0 = Release|Any CPU
	EndGlobalSection
	GlobalSection(SolutionProperties) = preSolution
		HideSolutionNode = FALSE
	EndGlobalSection
	GlobalSection(ExtensibilityGlobals) = postSolution
		SolutionGuid = {D98D5145-6A97-490E-854E-101F42BD1257}
	EndGlobalSection
EndGlobal
